
Microsoft Visual Studio Solution File, Format Version 12.00
# Visual Studio Version 16
VisualStudioVersion = 16.0.31112.23
MinimumVisualStudioVersion = 10.0.40219.1
Project("{9A19103F-16F7-4668-BE54-9A1E7A4F7556}") = "repo", "authontecation\repo.csproj", "{04498A74-17A9-4458-B180-BD38216DFA1C}"
EndProject
Global
	GlobalSection(SolutionConfigurationPlatforms) = preSolution
		Debug|Any CPU = Debug|Any CPU
		Release|Any CPU = Release|Any CPU
	EndGlobalSection
	GlobalSection(ProjectConfigurationPlatforms) = postSolution
		{04498A74-17A9-4458-B180-BD38216DFA1C}.Debug|Any CPU.ActiveCfg = Debug|Any CPU
		{04498A74-17A9-4458-B180-BD38216DFA1C}.Debug|Any CPU.Build.0 = Debug|Any CPU
		{04498A74-17A9-4458-B180-BD38216DFA1C}.Release|Any CPU.ActiveCfg = Release|Any CPU
		{04498A74-17A9-4458-B180-BD38216DFA1C}.Release|Any CPU.Build.0 = Release|Any CPU
	EndGlobalSection
	GlobalSection(SolutionProperties) = preSolution
		HideSolutionNode = FALSE
	EndGlobalSection
	GlobalSection(ExtensibilityGlobals) = postSolution
		SolutionGuid = {56AD51A8-B147-49D9-899E-3E5409E3372E}
	EndGlobalSection
EndGlobal
